// !$*UTF8*$!
{
	archiveVersion = 1;
	classes = {
	};
	objectVersion = 50;
	objects = {

/* Begin PBXBuildFile section */
		084B8AF89A69945FDE943A27 /* libPods-CY_B.a in Frameworks */ = {isa = PBXBuildFile; fileRef = EFE9C4C4850756314DAE599B /* libPods-CY_B.a */; };
		22D3606A223025EC00AED016 /* AppDelegate.m in Sources */ = {isa = PBXBuildFile; fileRef = 22D36069223025EC00AED016 /* AppDelegate.m */; };
		22D3606D223025EC00AED016 /* ViewController.m in Sources */ = {isa = PBXBuildFile; fileRef = 22D3606C223025EC00AED016 /* ViewController.m */; };
		22D36070223025EC00AED016 /* Main.storyboard in Resources */ = {isa = PBXBuildFile; fileRef = 22D3606E223025EC00AED016 /* Main.storyboard */; };
		22D36072223025EE00AED016 /* Assets.xcassets in Resources */ = {isa = PBXBuildFile; fileRef = 22D36071223025EE00AED016 /* Assets.xcassets */; };
		22D36075223025EE00AED016 /* LaunchScreen.storyboard in Resources */ = {isa = PBXBuildFile; fileRef = 22D36073223025EE00AED016 /* LaunchScreen.storyboard */; };
		22D36078223025EE00AED016 /* main.m in Sources */ = {isa = PBXBuildFile; fileRef = 22D36077223025EE00AED016 /* main.m */; };
		22D360812230260400AED016 /* CTMediator+A.m in Sources */ = {isa = PBXBuildFile; fileRef = 22D360802230260400AED016 /* CTMediator+A.m */; };
/* End PBXBuildFile section */

/* Begin PBXFileReference section */
		22D36065223025EC00AED016 /* CY_B.app */ = {isa = PBXFileReference; explicitFileType = wrapper.application; includeInIndex = 0; path = CY_B.app; sourceTree = BUILT_PRODUCTS_DIR; };
		22D36068223025EC00AED016 /* AppDelegate.h */ = {isa = PBXFileReference; lastKnownFileType = sourcecode.c.h; path = AppDelegate.h; sourceTree = "<group>"; };
		22D36069223025EC00AED016 /* AppDelegate.m */ = {isa = PBXFileReference; lastKnownFileType = sourcecode.c.objc; path = AppDelegate.m; sourceTree = "<group>"; };
		22D3606B223025EC00AED016 /* ViewController.h */ = {isa = PBXFileReference; lastKnownFileType = sourcecode.c.h; path = ViewController.h; sourceTree = "<group>"; };
		22D3606C223025EC00AED016 /* ViewController.m */ = {isa = PBXFileReference; lastKnownFileType = sourcecode.c.objc; path = ViewController.m; sourceTree = "<group>"; };
		22D3606F223025EC00AED016 /* Base */ = {isa = PBXFileReference; lastKnownFileType = file.storyboard; name = Base; path = Base.lproj/Main.storyboard; sourceTree = "<group>"; };
		22D36071223025EE00AED016 /* Assets.xcassets */ = {isa = PBXFileReference; lastKnownFileType = folder.assetcatalog; path = Assets.xcassets; sourceTree = "<group>"; };
		22D36074223025EE00AED016 /* Base */ = {isa = PBXFileReference; lastKnownFileType = file.storyboard; name = Base; path = Base.lproj/LaunchScreen.storyboard; sourceTree = "<group>"; };
		22D36076223025EE00AED016 /* Info.plist */ = {isa = PBXFileReference; lastKnownFileType = text.plist.xml; path = Info.plist; sourceTree = "<group>"; };
		22D36077223025EE00AED016 /* main.m */ = {isa = PBXFileReference; lastKnownFileType = sourcecode.c.objc; path = main.m; sourceTree = "<group>"; };
		22D3607F2230260400AED016 /* CTMediator+A.h */ = {isa = PBXFileReference; fileEncoding = 4; lastKnownFileType = sourcecode.c.h; path = "CTMediator+A.h"; sourceTree = "<group>"; };
		22D360802230260400AED016 /* CTMediator+A.m */ = {isa = PBXFileReference; fileEncoding = 4; lastKnownFileType = sourcecode.c.objc; path = "CTMediator+A.m"; sourceTree = "<group>"; };
		41249A20B24D1EB5F934AA22 /* Pods-CY_B.release.xcconfig */ = {isa = PBXFileReference; includeInIndex = 1; lastKnownFileType = text.xcconfig; name = "Pods-CY_B.release.xcconfig"; path = "Target Support Files/Pods-CY_B/Pods-CY_B.release.xcconfig"; sourceTree = "<group>"; };
		CA132F0964207994A06BC414 /* Pods-CY_B.debug.xcconfig */ = {isa = PBXFileReference; includeInIndex = 1; lastKnownFileType = text.xcconfig; name = "Pods-CY_B.debug.xcconfig"; path = "Target Support Files/Pods-CY_B/Pods-CY_B.debug.xcconfig"; sourceTree = "<group>"; };
		EFE9C4C4850756314DAE599B /* libPods-CY_B.a */ = {isa = PBXFileReference; explicitFileType = archive.ar; includeInIndex = 0; path = "libPods-CY_B.a"; sourceTree = BUILT_PRODUCTS_DIR; };
/* End PBXFileReference section */

/* Begin PBXFrameworksBuildPhase section */
		22D36062223025EC00AED016 /* Frameworks */ = {
			isa = PBXFrameworksBuildPhase;
			buildActionMask = 2147483647;
			files = (
				084B8AF89A69945FDE943A27 /* libPods-CY_B.a in Frameworks */,
			);
			runOnlyForDeploymentPostprocessing = 0;
		};
/* End PBXFrameworksBuildPhase section */

/* Begin PBXGroup section */
		22D3605C223025EC00AED016 = {
			isa = PBXGroup;
			children = (
				22D36067223025EC00AED016 /* CY_B */,
				22D36066223025EC00AED016 /* Products */,
				A25991993027851463316EEE /* Pods */,
				EF9D60AAC42EF37A8E4B2486 /* Frameworks */,
			);
			sourceTree = "<group>";
		};
		22D36066223025EC00AED016 /* Products */ = {
			isa = PBXGroup;
			children = (
				22D36065223025EC00AED016 /* CY_B.app */,
			);
			name = Products;
			sourceTree = "<group>";
		};
		22D36067223025EC00AED016 /* CY_B */ = {
			isa = PBXGroup;
			children = (
				22D3607E2230260400AED016 /* Classes */,
				22D36068223025EC00AED016 /* AppDelegate.h */,
				22D36069223025EC00AED016 /* AppDelegate.m */,
				22D3606B223025EC00AED016 /* ViewController.h */,
				22D3606C223025EC00AED016 /* ViewController.m */,
				22D3606E223025EC00AED016 /* Main.storyboard */,
				22D36071223025EE00AED016 /* Assets.xcassets */,
				22D36073223025EE00AED016 /* LaunchScreen.storyboard */,
				22D36076223025EE00AED016 /* Info.plist */,
				22D36077223025EE00AED016 /* main.m */,
			);
			path = CY_B;
			sourceTree = "<group>";
		};
		22D3607E2230260400AED016 /* Classes */ = {
			isa = PBXGroup;
			children = (
				22D3607F2230260400AED016 /* CTMediator+A.h */,
				22D360802230260400AED016 /* CTMediator+A.m */,
			);
			path = Classes;
			sourceTree = "<group>";
		};
		A25991993027851463316EEE /* Pods */ = {
			isa = PBXGroup;
			children = (
				CA132F0964207994A06BC414 /* Pods-CY_B.debug.xcconfig */,
				41249A20B24D1EB5F934AA22 /* Pods-CY_B.release.xcconfig */,
			);
			name = Pods;
			path = Pods;
			sourceTree = "<group>";
		};
		EF9D60AAC42EF37A8E4B2486 /* Frameworks */ = {
			isa = PBXGroup;
			children = (
				EFE9C4C4850756314DAE599B /* libPods-CY_B.a */,
			);
			name = Frameworks;
			sourceTree = "<group>";
		};
/* End PBXGroup section */

/* Begin PBXNativeTarget section */
		22D36064223025EC00AED016 /* CY_B */ = {
			isa = PBXNativeTarget;
			buildConfigurationList = 22D3607B223025EE00AED016 /* Build configuration list for PBXNativeTarget "CY_B" */;
			buildPhases = (
				CED1658DF4E7873CBD98B21D /* [CP] Check Pods Manifest.lock */,
				22D36061223025EC00AED016 /* Sources */,
				22D36062223025EC00AED016 /* Frameworks */,
				22D36063223025EC00AED016 /* Resources */,
			);
			buildRules = (
			);
			dependencies = (
			);
			name = CY_B;
			productName = CY_B;
			productReference = 22D36065223025EC00AED016 /* CY_B.app */;
			productType = "com.apple.product-type.application";
		};
/* End PBXNativeTarget section */

/* Begin PBXProject section */
		22D3605D223025EC00AED016 /* Project object */ = {
			isa = PBXProject;
			attributes = {
				LastUpgradeCheck = 1010;
				ORGANIZATIONNAME = ccy;
				TargetAttributes = {
					22D36064223025EC00AED016 = {
						CreatedOnToolsVersion = 10.1;
					};
				};
			};
			buildConfigurationList = 22D36060223025EC00AED016 /* Build configuration list for PBXProject "CY_B" */;
			compatibilityVersion = "Xcode 9.3";
			developmentRegion = en;
			hasScannedForEncodings = 0;
			knownRegions = (
				en,
				Base,
			);
			mainGroup = 22D3605C223025EC00AED016;
			productRefGroup = 22D36066223025EC00AED016 /* Products */;
			projectDirPath = "";
			projectRoot = "";
			targets = (
				22D36064223025EC00AED016 /* CY_B */,
			);
		};
/* End PBXProject section */

/* Begin PBXResourcesBuildPhase section */
		22D36063223025EC00AED016 /* Resources */ = {
			isa = PBXResourcesBuildPhase;
			buildActionMask = 2147483647;
			files = (
				22D36075223025EE00AED016 /* LaunchScreen.storyboard in Resources */,
				22D36072223025EE00AED016 /* Assets.xcassets in Resources */,
				22D36070223025EC00AED016 /* Main.storyboard in Resources */,
			);
			runOnlyForDeploymentPostprocessing = 0;
		};
/* End PBXResourcesBuildPhase section */

/* Begin PBXShellScriptBuildPhase section */
		CED1658DF4E7873CBD98B21D /* [CP] Check Pods Manifest.lock */ = {
			isa = PBXShellScriptBuildPhase;
			buildActionMask = 2147483647;
			files = (
			);
			inputFileListPaths = (
			);
			inputPaths = (
				"${PODS_PODFILE_DIR_PATH}/Podfile.lock",
				"${PODS_ROOT}/Manifest.lock",
			);
			name = "[CP] Check Pods Manifest.lock";
			outputFileListPaths = (
			);
			outputPaths = (
				"$(DERIVED_FILE_DIR)/Pods-CY_B-checkManifestLockResult.txt",
			);
			runOnlyForDeploymentPostprocessing = 0;
			shellPath = /bin/sh;
			shellScript = "diff \"${PODS_PODFILE_DIR_PATH}/Podfile.lock\" \"${PODS_ROOT}/Manifest.lock\" > /dev/null\nif [ $? != 0 ] ; then\n    # print error to STDERR\n    echo \"error: The sandbox is not in sync with the Podfile.lock. Run 'pod install' or update your CocoaPods installation.\" >&2\n    exit 1\nfi\n# This output is used by Xcode 'outputs' to avoid re-running this script phase.\necho \"SUCCESS\" > \"${SCRIPT_OUTPUT_FILE_0}\"\n";
			showEnvVarsInLog = 0;
		};
/* End PBXShellScriptBuildPhase section */

/* Begin PBXSourcesBuildPhase section */
		22D36061223025EC00AED016 /* Sources */ = {
			isa = PBXSourcesBuildPhase;
			buildActionMask = 2147483647;
			files = (
				22D3606D223025EC00AED016 /* ViewController.m in Sources */,
				22D360812230260400AED016 /* CTMediator+A.m in Sources */,
				22D36078223025EE00AED016 /* main.m in Sources */,
				22D3606A223025EC00AED016 /* AppDelegate.m in Sources */,
			);
			runOnlyForDeploymentPostprocessing = 0;
		};
/* End PBXSourcesBuildPhase section */

/* Begin PBXVariantGroup section */
		22D3606E223025EC00AED016 /* Main.storyboard */ = {
			isa = PBXVariantGroup;
			children = (
				22D3606F223025EC00AED016 /* Base */,
			);
			name = Main.storyboard;
			sourceTree = "<group>";
		};
		22D36073223025EE00AED016 /* LaunchScreen.storyboard */ = {
			isa = PBXVariantGroup;
			children = (
				22D36074223025EE00AED016 /* Base */,
			);
			name = LaunchScreen.storyboard;
			sourceTree = "<group>";
		};
/* End PBXVariantGroup section */

/* Begin XCBuildConfiguration section */
		22D36079223025EE00AED016 /* Debug */ = {
			isa = XCBuildConfiguration;
			buildSettings = {
				ALWAYS_SEARCH_USER_PATHS = NO;
				CLANG_ANALYZER_NONNULL = YES;
				CLANG_ANALYZER_NUMBER_OBJECT_CONVERSION = YES_AGGRESSIVE;
				CLANG_CXX_LANGUAGE_STANDARD = "gnu++14";
				CLANG_CXX_LIBRARY = "libc++";
				CLANG_ENABLE_MODULES = YES;
				CLANG_ENABLE_OBJC_ARC = YES;
				CLANG_ENABLE_OBJC_WEAK = YES;
				CLANG_WARN_BLOCK_CAPTURE_AUTORELEASING = YES;
				CLANG_WARN_BOOL_CONVERSION = YES;
				CLANG_WARN_COMMA = YES;
				CLANG_WARN_CONSTANT_CONVERSION = YES;
				CLANG_WARN_DEPRECATED_OBJC_IMPLEMENTATIONS = YES;
				CLANG_WARN_DIRECT_OBJC_ISA_USAGE = YES_ERROR;
				CLANG_WARN_DOCUMENTATION_COMMENTS = YES;
				CLANG_WARN_EMPTY_BODY = YES;
				CLANG_WARN_ENUM_CONVERSION = YES;
				CLANG_WARN_INFINITE_RECURSION = YES;
				CLANG_WARN_INT_CONVERSION = YES;
				CLANG_WARN_NON_LITERAL_NULL_CONVERSION = YES;
				CLANG_WARN_OBJC_IMPLICIT_RETAIN_SELF = YES;
				CLANG_WARN_OBJC_LITERAL_CONVERSION = YES;
				CLANG_WARN_OBJC_ROOT_CLASS = YES_ERROR;
				CLANG_WARN_RANGE_LOOP_ANALYSIS = YES;
				CLANG_WARN_STRICT_PROTOTYPES = YES;
				CLANG_WARN_SUSPICIOUS_MOVE = YES;
				CLANG_WARN_UNGUARDED_AVAILABILITY = YES_AGGRESSIVE;
				CLANG_WARN_UNREACHABLE_CODE = YES;
				CLANG_WARN__DUPLICATE_METHOD_MATCH = YES;
				CODE_SIGN_IDENTITY = "iPhone Developer";
				COPY_PHASE_STRIP = NO;
				DEBUG_INFORMATION_FORMAT = dwarf;
				ENABLE_STRICT_OBJC_MSGSEND = YES;
				ENABLE_TESTABILITY = YES;
				GCC_C_LANGUAGE_STANDARD = gnu11;
				GCC_DYNAMIC_NO_PIC = NO;
				GCC_NO_COMMON_BLOCKS = YES;
				GCC_OPTIMIZATION_LEVEL = 0;
				GCC_PREPROCESSOR_DEFINITIONS = (
					"DEBUG=1",
					"$(inherited)",
				);
				GCC_WARN_64_TO_32_BIT_CONVERSION = YES;
				GCC_WARN_ABOUT_RETURN_TYPE = YES_ERROR;
				GCC_WARN_UNDECLARED_SELECTOR = YES;
				GCC_WARN_UNINITIALIZED_AUTOS = YES_AGGRESSIVE;
				GCC_WARN_UNUSED_FUNCTION = YES;
				GCC_WARN_UNUSED_VARIABLE = YES;
				IPHONEOS_DEPLOYMENT_TARGET = 12.1;
				MTL_ENABLE_DEBUG_INFO = INCLUDE_SOURCE;
				MTL_FAST_MATH = YES;
				ONLY_ACTIVE_ARCH = YES;
				SDKROOT = iphoneos;
			};
			name = Debug;
		};
		22D3607A223025EE00AED016 /* Release */ = {
			isa = XCBuildConfiguration;
			buildSettings = {
				ALWAYS_SEARCH_USER_PATHS = NO;
				CLANG_ANALYZER_NONNULL = YES;
				CLANG_ANALYZER_NUMBER_OBJECT_CONVERSION = YES_AGGRESSIVE;
				CLANG_CXX_LANGUAGE_STANDARD = "gnu++14";
				CLANG_CXX_LIBRARY = "libc++";
				CLANG_ENABLE_MODULES = YES;
				CLANG_ENABLE_OBJC_ARC = YES;
				CLANG_ENABLE_OBJC_WEAK = YES;
				CLANG_WARN_BLOCK_CAPTURE_AUTORELEASING = YES;
				CLANG_WARN_BOOL_CONVERSION = YES;
				CLANG_WARN_COMMA = YES;
				CLANG_WARN_CONSTANT_CONVERSION = YES;
				CLANG_WARN_DEPRECATED_OBJC_IMPLEMENTATIONS = YES;
				CLANG_WARN_DIRECT_OBJC_ISA_USAGE = YES_ERROR;
				CLANG_WARN_DOCUMENTATION_COMMENTS = YES;
				CLANG_WARN_EMPTY_BODY = YES;
				CLANG_WARN_ENUM_CONVERSION = YES;
				CLANG_WARN_INFINITE_RECURSION = YES;
				CLANG_WARN_INT_CONVERSION = YES;
				CLANG_WARN_NON_LITERAL_NULL_CONVERSION = YES;
				CLANG_WARN_OBJC_IMPLICIT_RETAIN_SELF = YES;
				CLANG_WARN_OBJC_LITERAL_CONVERSION = YES;
				CLANG_WARN_OBJC_ROOT_CLASS = YES_ERROR;
				CLANG_WARN_RANGE_LOOP_ANALYSIS = YES;
				CLANG_WARN_STRICT_PROTOTYPES = YES;
				CLANG_WARN_SUSPICIOUS_MOVE = YES;
				CLANG_WARN_UNGUARDED_AVAILABILITY = YES_AGGRESSIVE;
				CLANG_WARN_UNREACHABLE_CODE = YES;
				CLANG_WARN__DUPLICATE_METHOD_MATCH = YES;
				CODE_SIGN_IDENTITY = "iPhone Developer";
				COPY_PHASE_STRIP = NO;
				DEBUG_INFORMATION_FORMAT = "dwarf-with-dsym";
				ENABLE_NS_ASSERTIONS = NO;
				ENABLE_STRICT_OBJC_MSGSEND = YES;
				GCC_C_LANGUAGE_STANDARD = gnu11;
				GCC_NO_COMMON_BLOCKS = YES;
				GCC_WARN_64_TO_32_BIT_CONVERSION = YES;
				GCC_WARN_ABOUT_RETURN_TYPE = YES_ERROR;
				GCC_WARN_UNDECLARED_SELECTOR = YES;
				GCC_WARN_UNINITIALIZED_AUTOS = YES_AGGRESSIVE;
				GCC_WARN_UNUSED_FUNCTION = YES;
				GCC_WARN_UNUSED_VARIABLE = YES;
				IPHONEOS_DEPLOYMENT_TARGET = 12.1;
				MTL_ENABLE_DEBUG_INFO = NO;
				MTL_FAST_MATH = YES;
				SDKROOT = iphoneos;
				VALIDATE_PRODUCT = YES;
			};
			name = Release;
		};
		22D3607C223025EE00AED016 /* Debug */ = {
			isa = XCBuildConfiguration;
			baseConfigurationReference = CA132F0964207994A06BC414 /* Pods-CY_B.debug.xcconfig */;
			buildSettings = {
				ASSETCATALOG_COMPILER_APPICON_NAME = AppIcon;
				CODE_SIGN_STYLE = Automatic;
				DEVELOPMENT_TEAM = GW9KE2DAPT;
				INFOPLIST_FILE = CY_B/Info.plist;
				LD_RUNPATH_SEARCH_PATHS = (
					"$(inherited)",
					"@executable_path/Frameworks",
				);
				PRODUCT_BUNDLE_IDENTIFIER = "com.ccy.www.CY-B";
				PRODUCT_NAME = "$(TARGET_NAME)";
				TARGETED_DEVICE_FAMILY = "1,2";
			};
			name = Debug;
		};
		22D3607D223025EE00AED016 /* Release */ = {
			isa = XCBuildConfiguration;
			baseConfigurationReference = 41249A20B24D1EB5F934AA22 /* Pods-CY_B.release.xcconfig */;
			buildSettings = {
				ASSETCATALOG_COMPILER_APPICON_NAME = AppIcon;
				CODE_SIGN_STYLE = Automatic;
				DEVELOPMENT_TEAM = GW9KE2DAPT;
				INFOPLIST_FILE = CY_B/Info.plist;
				LD_RUNPATH_SEARCH_PATHS = (
					"$(inherited)",
					"@executable_path/Frameworks",
				);
				PRODUCT_BUNDLE_IDENTIFIER = "com.ccy.www.CY-B";
				PRODUCT_NAME = "$(TARGET_NAME)";
				TARGETED_DEVICE_FAMILY = "1,2";
			};
			name = Release;
		};
/* End XCBuildConfiguration section */

/* Begin XCConfigurationList section */
		22D36060223025EC00AED016 /* Build configuration list for PBXProject "CY_B" */ = {
			isa = XCConfigurationList;
			buildConfigurations = (
				22D36079223025EE00AED016 /* Debug */,
				22D3607A223025EE00AED016 /* Release */,
			);
			defaultConfigurationIsVisible = 0;
			defaultConfigurationName = Release;
		};
		22D3607B223025EE00AED016 /* Build configuration list for PBXNativeTarget "CY_B" */ = {
			isa = XCConfigurationList;
			buildConfigurations = (
				22D3607C223025EE00AED016 /* Debug */,
				22D3607D223025EE00AED016 /* Release */,
			);
			defaultConfigurationIsVisible = 0;
			defaultConfigurationName = Release;
		};
/* End XCConfigurationList section */
	};
	rootObject = 22D3605D223025EC00AED016 /* Project object */;
}
